
Microsoft Visual Studio Solution File, Format Version 12.00
# Visual Studio 15
VisualStudioVersion = 15.0.27703.2000
MinimumVisualStudioVersion = 10.0.40219.1
Project("{8BC9CEB8-8B4A-11D0-8D11-00A0C91BC942}") = "encryptation", "encryptation\encryptation.vcxproj", "{58814F65-4F6B-4E70-814B-5D031D2E907C}"
EndProject
Global
	GlobalSection(SolutionConfigurationPlatforms) = preSolution
		Debug|x64 = Debug|x64
		Debug|x86 = Debug|x86
		Release|x64 = Release|x64
		Release|x86 = Release|x86
	EndGlobalSection
	GlobalSection(ProjectConfigurationPlatforms) = postSolution
		{58814F65-4F6B-4E70-814B-5D031D2E907C}.Debug|x64.ActiveCfg = Debug|x64
		{58814F65-4F6B-4E70-814B-5D031D2E907C}.Debug|x64.Build.0 = Debug|x64
		{58814F65-4F6B-4E70-814B-5D031D2E907C}.Debug|x86.ActiveCfg = Debug|Win32
		{58814F65-4F6B-4E70-814B-5D031D2E907C}.Debug|x86.Build.0 = Debug|Win32
		{58814F65-4F6B-4E70-814B-5D031D2E907C}.Release|x64.ActiveCfg = Release|x64
		{58814F65-4F6B-4E70-814B-5D031D2E907C}.Release|x64.Build.0 = Release|x64
		{58814F65-4F6B-4E70-814B-5D031D2E907C}.Release|x86.ActiveCfg = Release|Win32
		{58814F65-4F6B-4E70-814B-5D031D2E907C}.Release|x86.Build.0 = Release|Win32
	EndGlobalSection
	GlobalSection(SolutionProperties) = preSolution
		HideSolutionNode = FALSE
	EndGlobalSection
	GlobalSection(ExtensibilityGlobals) = postSolution
		SolutionGuid = {5199E483-645E-463F-9225-8AC1C79668CF}
	EndGlobalSection
EndGlobal
